PODS:
  - Alamofire (3.3.0)
  - Font-Awesome-Swift (1.4.6)
  - Fuzi (0.3.1)
  - Himotoki (1.7.0)
  - JVFloatLabeledTextField (1.1.0)
  - KeychainAccess (2.3.5)
  - QueryKit (0.12.1)
  - Realm (0.98.6):
    - Realm/Headers (= 0.98.6)
  - Realm/Headers (0.98.6)
  - RealmSwift (0.98.6):
    - Realm (= 0.98.6)
  - RelayoutKit (0.1.1)
  - RxAPISchema (0.0.1):
    - Alamofire
    - RxSwift
  - RxCocoa (2.3.1):
    - RxSwift (~> 2.3.1)
  - RxSwift (2.3.1)
  - SDWebImage (3.7.5):
    - SDWebImage/Core (= 3.7.5)
  - SDWebImage/Core (3.7.5)
  - SnapKit (0.20.0)
  - Timepiece (0.4.2)
  - TLYShyNavBar (1.0.0)
  - WindowKit (0.0.1)
  - XLPagerTabStrip (5.0.0)

DEPENDENCIES:
  - Font-Awesome-Swift
  - Fuzi
  - Himotoki
  - JVFloatLabeledTextField
  - KeychainAccess
  - QueryKit
  - RealmSwift
  - RelayoutKit (from `https://github.com/sora0077/RelayoutKit.git`)
  - RxAPISchema
  - RxCocoa
  - RxSwift
  - SDWebImage
  - SnapKit
  - Timepiece
  - TLYShyNavBar
  - WindowKit (from `https://github.com/sora0077/WindowKit.git`)
  - XLPagerTabStrip

EXTERNAL SOURCES:
  RelayoutKit:
    :git: https://github.com/sora0077/RelayoutKit.git
  WindowKit:
    :git: https://github.com/sora0077/WindowKit.git

CHECKOUT OPTIONS:
  RelayoutKit:
    :commit: 7ac59432f1140afba86f0b00e73f6734ef9a4e90
    :git: https://github.com/sora0077/RelayoutKit.git
  WindowKit:
    :commit: 1f513d9c36470110b8f8f1ca6d1b679d5d4d1a80
    :git: https://github.com/sora0077/WindowKit.git

SPEC CHECKSUMS:
  Alamofire: 9054db4a1b1ca9e363223183e01cea380159a27c
  Font-Awesome-Swift: a965c23e619514be65de9b113f49038ca683c1bb
  Fuzi: 25118b725a1637f1676f63ae1acbba1f30a5dd6c
  Himotoki: a97b4a5861d6d25fc0746f0e19164eef03c19347
  JVFloatLabeledTextField: ea4a3d8387ddd43724c472bb2b8ab39b79af05d4
  KeychainAccess: e283c1981a6c5655e1984cd411c6faf16fa165ae
  QueryKit: 6a8dbe9f33ffac00c424143695681a949b58518d
  Realm: 44803f35418c5d89b27825a564247fcd190de37e
  RealmSwift: c7239c52c83f8c43525a5269ba7be1694da33afc
  RelayoutKit: 3fac79cd49dabe54a074129962e41c170106d0de
  RxAPISchema: a8a109fcaec0c81718fd8429076a8af2248c6d10
  RxCocoa: a2baaf3462b989559a51dce59d78fbebb8fe0afa
  RxSwift: 829b2843e9eddc77a02cb3f5117f0d55f8f646f1
  SDWebImage: 69c6303e3348fba97e03f65d65d4fbc26740f461
  SnapKit: 5fce3c1bbbf1fbd31de9aa92f33eb9fa03f15650
  Timepiece: cf53bb908bf542acc0e3d5f69cabfed869df4ebd
  TLYShyNavBar: d313a1c50c58cb7af744829120eaa33ca8a998ce
  WindowKit: 860fb9c6cabcb0402fca02ad271d413ade7ae4e9
  XLPagerTabStrip: 87b8b705f9a7178e76a063ffaa2d70045944a965

COCOAPODS: 0.39.0
