PODS:
  - Alamofire (3.3.1)
  - Font-Awesome-Swift (1.4.7)
  - Fuzi (0.3.1)
  - Himotoki (2.0.0)
  - JVFloatLabeledTextField (1.1.0)
  - KeychainAccess (2.3.5)
  - QueryKit (0.12.1)
  - Realm (0.98.8):
    - Realm/Headers (= 0.98.8)
  - Realm/Headers (0.98.8)
  - RealmSwift (0.98.8):
    - Realm (= 0.98.8)
  - RelayoutKit (0.1.2)
  - RxAPISchema (0.0.1):
    - Alamofire
    - RxSwift
  - RxCocoa (2.4):
    - RxSwift (~> 2.4)
  - RxSwift (2.4)
  - SDWebImage (3.7.5):
    - SDWebImage/Core (= 3.7.5)
  - SDWebImage/Core (3.7.5)
  - SnapKit (0.20.0)
  - Timepiece (0.4.2)
  - TLYShyNavBar (1.0.0)
  - WindowKit (0.0.1)
  - XLPagerTabStrip (5.0.0)

DEPENDENCIES:
  - Font-Awesome-Swift
  - Fuzi
  - Himotoki
  - JVFloatLabeledTextField
  - KeychainAccess
  - QueryKit
  - RealmSwift
  - RelayoutKit (from `https://github.com/sora0077/RelayoutKit.git`)
  - RxAPISchema
  - RxCocoa
  - RxSwift
  - SDWebImage
  - SnapKit
  - Timepiece
  - TLYShyNavBar
  - WindowKit (from `https://github.com/sora0077/WindowKit.git`)
  - XLPagerTabStrip

EXTERNAL SOURCES:
  RelayoutKit:
    :git: https://github.com/sora0077/RelayoutKit.git
  WindowKit:
    :git: https://github.com/sora0077/WindowKit.git

CHECKOUT OPTIONS:
  RelayoutKit:
    :commit: 72caa74ca78919379c7532d0bf00c5ede9f4064c
    :git: https://github.com/sora0077/RelayoutKit.git
  WindowKit:
    :commit: 1f513d9c36470110b8f8f1ca6d1b679d5d4d1a80
    :git: https://github.com/sora0077/WindowKit.git

SPEC CHECKSUMS:
  Alamofire: 369bc67b6f5ac33ded3648d7bd21c5bfb91c2ecc
  Font-Awesome-Swift: 0131fd0f683ac024ce9abf1fdbc9fb482150ce49
  Fuzi: 25118b725a1637f1676f63ae1acbba1f30a5dd6c
  Himotoki: 77fb61dbd6cd5dae033af630b591fec383eece28
  JVFloatLabeledTextField: ea4a3d8387ddd43724c472bb2b8ab39b79af05d4
  KeychainAccess: e283c1981a6c5655e1984cd411c6faf16fa165ae
  QueryKit: 6a8dbe9f33ffac00c424143695681a949b58518d
  Realm: 0e293bb62999730599efc3048896bbd4f2e43bcd
  RealmSwift: 064262d38113f23ff3508fb20a0a922e696bec01
  RelayoutKit: 7d793ac50b09b85cfbf7e4aebbf4b3f6a3f8f0eb
  RxAPISchema: a8a109fcaec0c81718fd8429076a8af2248c6d10
  RxCocoa: 7d6cd877de99f5640306b3d6cf87f580c1d91b61
  RxSwift: 67b9ef4e8b34fb394e200e754c6a09cc16559f94
  SDWebImage: 69c6303e3348fba97e03f65d65d4fbc26740f461
  SnapKit: 5fce3c1bbbf1fbd31de9aa92f33eb9fa03f15650
  Timepiece: cf53bb908bf542acc0e3d5f69cabfed869df4ebd
  TLYShyNavBar: d313a1c50c58cb7af744829120eaa33ca8a998ce
  WindowKit: 860fb9c6cabcb0402fca02ad271d413ade7ae4e9
  XLPagerTabStrip: 87b8b705f9a7178e76a063ffaa2d70045944a965

COCOAPODS: 0.39.0
